
Microsoft Visual Studio Solution File, Format Version 12.00
# Visual Studio Version 16
VisualStudioVersion = 16.0.30114.105
MinimumVisualStudioVersion = 10.0.40219.1
Project("{2150E333-8FDC-42A3-9474-1A3956D46DE8}") = "src", "src", "{69E1DE63-6314-4029-9C35-E35F70A13BEC}"
EndProject
Project("{FAE04EC0-301F-11D3-BF4B-00C04F79EFBC}") = "Netcore6ConsoleApp", "src\Netcore6ConsoleApp\Netcore6ConsoleApp.csproj", "{B3DB99D1-AC5E-4CE2-8A0F-0F057F6AC0A2}"
EndProject
Project("{FAE04EC0-301F-11D3-BF4B-00C04F79EFBC}") = "N6CA.Services", "src\N6CA.Services\N6CA.Services.csproj", "{8F8FDCC7-C82F-4A03-9FCD-725F7A335FD2}"
EndProject
Project("{2150E333-8FDC-42A3-9474-1A3956D46DE8}") = "tests", "tests", "{22CA7495-1BB9-4590-959D-9639F4939BF7}"
EndProject
Project("{FAE04EC0-301F-11D3-BF4B-00C04F79EFBC}") = "Netcore6ConsoleApp.Tests", "tests\Netcore6ConsoleApp.Tests\Netcore6ConsoleApp.Tests.csproj", "{B14D19F6-C232-4532-9558-37E1A4E4CB50}"
EndProject
Project("{FAE04EC0-301F-11D3-BF4B-00C04F79EFBC}") = "N6CA.Services.Tests", "tests\N6CA.Services.Tests\N6CA.Services.Tests.csproj", "{59E0D69D-37FB-4C22-B4E4-AC4AFE106D8E}"
EndProject
Global
	GlobalSection(SolutionConfigurationPlatforms) = preSolution
		Debug|Any CPU = Debug|Any CPU
		Release|Any CPU = Release|Any CPU
	EndGlobalSection
	GlobalSection(SolutionProperties) = preSolution
		HideSolutionNode = FALSE
	EndGlobalSection
	GlobalSection(ProjectConfigurationPlatforms) = postSolution
		{B3DB99D1-AC5E-4CE2-8A0F-0F057F6AC0A2}.Debug|Any CPU.ActiveCfg = Debug|Any CPU
		{B3DB99D1-AC5E-4CE2-8A0F-0F057F6AC0A2}.Debug|Any CPU.Build.0 = Debug|Any CPU
		{B3DB99D1-AC5E-4CE2-8A0F-0F057F6AC0A2}.Release|Any CPU.ActiveCfg = Release|Any CPU
		{B3DB99D1-AC5E-4CE2-8A0F-0F057F6AC0A2}.Release|Any CPU.Build.0 = Release|Any CPU
		{8F8FDCC7-C82F-4A03-9FCD-725F7A335FD2}.Debug|Any CPU.ActiveCfg = Debug|Any CPU
		{8F8FDCC7-C82F-4A03-9FCD-725F7A335FD2}.Debug|Any CPU.Build.0 = Debug|Any CPU
		{8F8FDCC7-C82F-4A03-9FCD-725F7A335FD2}.Release|Any CPU.ActiveCfg = Release|Any CPU
		{8F8FDCC7-C82F-4A03-9FCD-725F7A335FD2}.Release|Any CPU.Build.0 = Release|Any CPU
		{B14D19F6-C232-4532-9558-37E1A4E4CB50}.Debug|Any CPU.ActiveCfg = Debug|Any CPU
		{B14D19F6-C232-4532-9558-37E1A4E4CB50}.Debug|Any CPU.Build.0 = Debug|Any CPU
		{B14D19F6-C232-4532-9558-37E1A4E4CB50}.Release|Any CPU.ActiveCfg = Release|Any CPU
		{B14D19F6-C232-4532-9558-37E1A4E4CB50}.Release|Any CPU.Build.0 = Release|Any CPU
		{59E0D69D-37FB-4C22-B4E4-AC4AFE106D8E}.Debug|Any CPU.ActiveCfg = Debug|Any CPU
		{59E0D69D-37FB-4C22-B4E4-AC4AFE106D8E}.Debug|Any CPU.Build.0 = Debug|Any CPU
		{59E0D69D-37FB-4C22-B4E4-AC4AFE106D8E}.Release|Any CPU.ActiveCfg = Release|Any CPU
		{59E0D69D-37FB-4C22-B4E4-AC4AFE106D8E}.Release|Any CPU.Build.0 = Release|Any CPU
	EndGlobalSection
	GlobalSection(NestedProjects) = preSolution
		{B3DB99D1-AC5E-4CE2-8A0F-0F057F6AC0A2} = {69E1DE63-6314-4029-9C35-E35F70A13BEC}
		{8F8FDCC7-C82F-4A03-9FCD-725F7A335FD2} = {69E1DE63-6314-4029-9C35-E35F70A13BEC}
		{B14D19F6-C232-4532-9558-37E1A4E4CB50} = {22CA7495-1BB9-4590-959D-9639F4939BF7}
		{59E0D69D-37FB-4C22-B4E4-AC4AFE106D8E} = {22CA7495-1BB9-4590-959D-9639F4939BF7}
	EndGlobalSection
EndGlobal
